
Microsoft Visual Studio Solution File, Format Version 12.00
# Visual Studio Version 17
VisualStudioVersion = 17.7.34009.444
MinimumVisualStudioVersion = 10.0.40219.1
Project("{9A19103F-16F7-4668-BE54-9A1E7A4F7556}") = "Songs", "Songs\Songs.csproj", "{8493D132-E4E3-4585-BB85-46E8F2BDD813}"
EndProject
Project("{9A19103F-16F7-4668-BE54-9A1E7A4F7556}") = "Students", "Students\Students.csproj", "{0DCFC5A6-00CB-4916-B139-8F796E07F647}"
EndProject
Project("{FAE04EC0-301F-11D3-BF4B-00C04F79EFBC}") = "Store Boxes", "Store Boxes\Store Boxes.csproj", "{EA13DD26-F87C-4CF6-8591-7B79C545A00D}"
EndProject
Global
	GlobalSection(SolutionConfigurationPlatforms) = preSolution
		Debug|Any CPU = Debug|Any CPU
		Release|Any CPU = Release|Any CPU
	EndGlobalSection
	GlobalSection(ProjectConfigurationPlatforms) = postSolution
		{8493D132-E4E3-4585-BB85-46E8F2BDD813}.Debug|Any CPU.ActiveCfg = Debug|Any CPU
		{8493D132-E4E3-4585-BB85-46E8F2BDD813}.Debug|Any CPU.Build.0 = Debug|Any CPU
		{8493D132-E4E3-4585-BB85-46E8F2BDD813}.Release|Any CPU.ActiveCfg = Release|Any CPU
		{8493D132-E4E3-4585-BB85-46E8F2BDD813}.Release|Any CPU.Build.0 = Release|Any CPU
		{0DCFC5A6-00CB-4916-B139-8F796E07F647}.Debug|Any CPU.ActiveCfg = Debug|Any CPU
		{0DCFC5A6-00CB-4916-B139-8F796E07F647}.Debug|Any CPU.Build.0 = Debug|Any CPU
		{0DCFC5A6-00CB-4916-B139-8F796E07F647}.Release|Any CPU.ActiveCfg = Release|Any CPU
		{0DCFC5A6-00CB-4916-B139-8F796E07F647}.Release|Any CPU.Build.0 = Release|Any CPU
		{EA13DD26-F87C-4CF6-8591-7B79C545A00D}.Debug|Any CPU.ActiveCfg = Debug|Any CPU
		{EA13DD26-F87C-4CF6-8591-7B79C545A00D}.Debug|Any CPU.Build.0 = Debug|Any CPU
		{EA13DD26-F87C-4CF6-8591-7B79C545A00D}.Release|Any CPU.ActiveCfg = Release|Any CPU
		{EA13DD26-F87C-4CF6-8591-7B79C545A00D}.Release|Any CPU.Build.0 = Release|Any CPU
	EndGlobalSection
	GlobalSection(SolutionProperties) = preSolution
		HideSolutionNode = FALSE
	EndGlobalSection
	GlobalSection(ExtensibilityGlobals) = postSolution
		SolutionGuid = {12A5B169-3717-4E2C-ACB4-E994C61BEF54}
	EndGlobalSection
EndGlobal
